
Microsoft Visual Studio Solution File, Format Version 11.00
# Visual Studio 2010
Project("{FAE04EC0-301F-11D3-BF4B-00C04F79EFBC}") = "Simple.DotNMap", "DotNMap\Simple.DotNMap.csproj", "{B5931A3A-3B6F-4529-A400-B9A6EC41F5F8}"
EndProject
Project("{FAE04EC0-301F-11D3-BF4B-00C04F79EFBC}") = "Simple.DotNMapTest", "DotNMapTest\Simple.DotNMapTest.csproj", "{E44AFDDD-D591-4075-B89F-4B8168588EC4}"
EndProject
Project("{FAE04EC0-301F-11D3-BF4B-00C04F79EFBC}") = "Simple.DotNMap.Demo", "Demo\Simple.DotNMap.Demo.csproj", "{D1BADCAF-877B-4ECD-89BE-6BAD88EBCAD3}"
EndProject
Global
	GlobalSection(TeamFoundationVersionControl) = preSolution
		SccNumberOfProjects = 4
		SccEnterpriseProvider = {4CA58AB2-18FA-4F8D-95D4-32DDF27D184C}
		SccTeamFoundationServer = https://tfs.codeplex.com/tfs/tfs25
		SccLocalPath0 = .
		SccProjectUniqueName1 = Demo\\Simple.DotNMap.Demo.csproj
		SccProjectName1 = Demo
		SccLocalPath1 = Demo
		SccProjectUniqueName2 = DotNMap\\Simple.DotNMap.csproj
		SccProjectName2 = DotNMap
		SccLocalPath2 = DotNMap
		SccProjectUniqueName3 = DotNMapTest\\Simple.DotNMapTest.csproj
		SccProjectName3 = DotNMapTest
		SccLocalPath3 = DotNMapTest
	EndGlobalSection
	GlobalSection(SolutionConfigurationPlatforms) = preSolution
		Debug|Any CPU = Debug|Any CPU
		Debug|Mixed Platforms = Debug|Mixed Platforms
		Debug|x86 = Debug|x86
		Release|Any CPU = Release|Any CPU
		Release|Mixed Platforms = Release|Mixed Platforms
		Release|x86 = Release|x86
	EndGlobalSection
	GlobalSection(ProjectConfigurationPlatforms) = postSolution
		{B5931A3A-3B6F-4529-A400-B9A6EC41F5F8}.Debug|Any CPU.ActiveCfg = Debug|Any CPU
		{B5931A3A-3B6F-4529-A400-B9A6EC41F5F8}.Debug|Any CPU.Build.0 = Debug|Any CPU
		{B5931A3A-3B6F-4529-A400-B9A6EC41F5F8}.Debug|Mixed Platforms.ActiveCfg = Debug|Any CPU
		{B5931A3A-3B6F-4529-A400-B9A6EC41F5F8}.Debug|Mixed Platforms.Build.0 = Debug|Any CPU
		{B5931A3A-3B6F-4529-A400-B9A6EC41F5F8}.Debug|x86.ActiveCfg = Debug|Any CPU
		{B5931A3A-3B6F-4529-A400-B9A6EC41F5F8}.Release|Any CPU.ActiveCfg = Release|Any CPU
		{B5931A3A-3B6F-4529-A400-B9A6EC41F5F8}.Release|Any CPU.Build.0 = Release|Any CPU
		{B5931A3A-3B6F-4529-A400-B9A6EC41F5F8}.Release|Mixed Platforms.ActiveCfg = Release|Any CPU
		{B5931A3A-3B6F-4529-A400-B9A6EC41F5F8}.Release|Mixed Platforms.Build.0 = Release|Any CPU
		{B5931A3A-3B6F-4529-A400-B9A6EC41F5F8}.Release|x86.ActiveCfg = Release|Any CPU
		{E44AFDDD-D591-4075-B89F-4B8168588EC4}.Debug|Any CPU.ActiveCfg = Debug|Any CPU
		{E44AFDDD-D591-4075-B89F-4B8168588EC4}.Debug|Any CPU.Build.0 = Debug|Any CPU
		{E44AFDDD-D591-4075-B89F-4B8168588EC4}.Debug|Mixed Platforms.ActiveCfg = Debug|Any CPU
		{E44AFDDD-D591-4075-B89F-4B8168588EC4}.Debug|Mixed Platforms.Build.0 = Debug|Any CPU
		{E44AFDDD-D591-4075-B89F-4B8168588EC4}.Debug|x86.ActiveCfg = Debug|Any CPU
		{E44AFDDD-D591-4075-B89F-4B8168588EC4}.Release|Any CPU.ActiveCfg = Release|Any CPU
		{E44AFDDD-D591-4075-B89F-4B8168588EC4}.Release|Any CPU.Build.0 = Release|Any CPU
		{E44AFDDD-D591-4075-B89F-4B8168588EC4}.Release|Mixed Platforms.ActiveCfg = Release|Any CPU
		{E44AFDDD-D591-4075-B89F-4B8168588EC4}.Release|Mixed Platforms.Build.0 = Release|Any CPU
		{E44AFDDD-D591-4075-B89F-4B8168588EC4}.Release|x86.ActiveCfg = Release|Any CPU
		{D1BADCAF-877B-4ECD-89BE-6BAD88EBCAD3}.Debug|Any CPU.ActiveCfg = Debug|x86
		{D1BADCAF-877B-4ECD-89BE-6BAD88EBCAD3}.Debug|Mixed Platforms.ActiveCfg = Debug|x86
		{D1BADCAF-877B-4ECD-89BE-6BAD88EBCAD3}.Debug|Mixed Platforms.Build.0 = Debug|x86
		{D1BADCAF-877B-4ECD-89BE-6BAD88EBCAD3}.Debug|x86.ActiveCfg = Debug|x86
		{D1BADCAF-877B-4ECD-89BE-6BAD88EBCAD3}.Debug|x86.Build.0 = Debug|x86
		{D1BADCAF-877B-4ECD-89BE-6BAD88EBCAD3}.Release|Any CPU.ActiveCfg = Release|x86
		{D1BADCAF-877B-4ECD-89BE-6BAD88EBCAD3}.Release|Mixed Platforms.ActiveCfg = Release|x86
		{D1BADCAF-877B-4ECD-89BE-6BAD88EBCAD3}.Release|Mixed Platforms.Build.0 = Release|x86
		{D1BADCAF-877B-4ECD-89BE-6BAD88EBCAD3}.Release|x86.ActiveCfg = Release|x86
		{D1BADCAF-877B-4ECD-89BE-6BAD88EBCAD3}.Release|x86.Build.0 = Release|x86
	EndGlobalSection
	GlobalSection(SolutionProperties) = preSolution
		HideSolutionNode = FALSE
	EndGlobalSection
EndGlobal
